
Microsoft Visual Studio Solution File, Format Version 12.00
# Visual Studio Version 17
VisualStudioVersion = 17.0.31903.59
MinimumVisualStudioVersion = 10.0.40219.1
Project("{2150E333-8FDC-42A3-9474-1A3956D46DE8}") = "src", "src", "{827E0CD3-B72D-47B6-A68D-7590B98EB39B}"
EndProject
Project("{FAE04EC0-301F-11D3-BF4B-00C04F79EFBC}") = "CompanyCodeAgent.Protocol", "src\CompanyCodeAgent.Protocol\CompanyCodeAgent.Protocol.csproj", "{9813183D-83FF-4427-BFC5-D294BDA99096}"
EndProject
Project("{FAE04EC0-301F-11D3-BF4B-00C04F79EFBC}") = "CompanyCodeAgent.Domain", "src\CompanyCodeAgent.Domain\CompanyCodeAgent.Domain.csproj", "{13C7E7C3-664A-43A0-993D-E9A86E4A6786}"
EndProject
Project("{FAE04EC0-301F-11D3-BF4B-00C04F79EFBC}") = "CompanyCodeAgent.Llm", "src\CompanyCodeAgent.Llm\CompanyCodeAgent.Llm.csproj", "{F10E22BA-2C3A-42A4-9EDE-25658B347BB3}"
EndProject
Project("{FAE04EC0-301F-11D3-BF4B-00C04F79EFBC}") = "CompanyCodeAgent.Tools", "src\CompanyCodeAgent.Tools\CompanyCodeAgent.Tools.csproj", "{7CBF1D81-C72E-4E02-B976-C5C340350D15}"
EndProject
Project("{FAE04EC0-301F-11D3-BF4B-00C04F79EFBC}") = "CompanyCodeAgent.Application", "src\CompanyCodeAgent.Application\CompanyCodeAgent.Application.csproj", "{8B8246CA-7527-41EC-8C6E-D27D3B8F611D}"
EndProject
Project("{FAE04EC0-301F-11D3-BF4B-00C04F79EFBC}") = "CompanyCodeAgent.Host", "src\CompanyCodeAgent.Host\CompanyCodeAgent.Host.csproj", "{9B0C1672-9129-468C-92D9-6494F40D9376}"
EndProject
Project("{FAE04EC0-301F-11D3-BF4B-00C04F79EFBC}") = "CompanyCodeAgent.VisualStudio", "src\CompanyCodeAgent.VisualStudio\CompanyCodeAgent.VisualStudio.csproj", "{78741695-01C8-4B5A-ABC4-F5EE59BDB8B0}"
EndProject
Project("{2150E333-8FDC-42A3-9474-1A3956D46DE8}") = "tests", "tests", "{0AB3BF05-4346-4AA6-1389-037BE0695223}"
EndProject
Project("{FAE04EC0-301F-11D3-BF4B-00C04F79EFBC}") = "CompanyCodeAgent.UnitTests", "tests\CompanyCodeAgent.UnitTests\CompanyCodeAgent.UnitTests.csproj", "{4D6C9B24-3B07-4E05-8E39-A7797521258B}"
EndProject
Global
	GlobalSection(SolutionConfigurationPlatforms) = preSolution
		Debug|Any CPU = Debug|Any CPU
		Debug|x64 = Debug|x64
		Debug|x86 = Debug|x86
		Release|Any CPU = Release|Any CPU
		Release|x64 = Release|x64
		Release|x86 = Release|x86
	EndGlobalSection
	GlobalSection(ProjectConfigurationPlatforms) = postSolution
		{9813183D-83FF-4427-BFC5-D294BDA99096}.Debug|Any CPU.ActiveCfg = Debug|Any CPU
		{9813183D-83FF-4427-BFC5-D294BDA99096}.Debug|Any CPU.Build.0 = Debug|Any CPU
		{9813183D-83FF-4427-BFC5-D294BDA99096}.Debug|x64.ActiveCfg = Debug|Any CPU
		{9813183D-83FF-4427-BFC5-D294BDA99096}.Debug|x64.Build.0 = Debug|Any CPU
		{9813183D-83FF-4427-BFC5-D294BDA99096}.Debug|x86.ActiveCfg = Debug|Any CPU
		{9813183D-83FF-4427-BFC5-D294BDA99096}.Debug|x86.Build.0 = Debug|Any CPU
		{9813183D-83FF-4427-BFC5-D294BDA99096}.Release|Any CPU.ActiveCfg = Release|Any CPU
		{9813183D-83FF-4427-BFC5-D294BDA99096}.Release|Any CPU.Build.0 = Release|Any CPU
		{9813183D-83FF-4427-BFC5-D294BDA99096}.Release|x64.ActiveCfg = Release|Any CPU
		{9813183D-83FF-4427-BFC5-D294BDA99096}.Release|x64.Build.0 = Release|Any CPU
		{9813183D-83FF-4427-BFC5-D294BDA99096}.Release|x86.ActiveCfg = Release|Any CPU
		{9813183D-83FF-4427-BFC5-D294BDA99096}.Release|x86.Build.0 = Release|Any CPU
		{13C7E7C3-664A-43A0-993D-E9A86E4A6786}.Debug|Any CPU.ActiveCfg = Debug|Any CPU
		{13C7E7C3-664A-43A0-993D-E9A86E4A6786}.Debug|Any CPU.Build.0 = Debug|Any CPU
		{13C7E7C3-664A-43A0-993D-E9A86E4A6786}.Debug|x64.ActiveCfg = Debug|Any CPU
		{13C7E7C3-664A-43A0-993D-E9A86E4A6786}.Debug|x64.Build.0 = Debug|Any CPU
		{13C7E7C3-664A-43A0-993D-E9A86E4A6786}.Debug|x86.ActiveCfg = Debug|Any CPU
		{13C7E7C3-664A-43A0-993D-E9A86E4A6786}.Debug|x86.Build.0 = Debug|Any CPU
		{13C7E7C3-664A-43A0-993D-E9A86E4A6786}.Release|Any CPU.ActiveCfg = Release|Any CPU
		{13C7E7C3-664A-43A0-993D-E9A86E4A6786}.Release|Any CPU.Build.0 = Release|Any CPU
		{13C7E7C3-664A-43A0-993D-E9A86E4A6786}.Release|x64.ActiveCfg = Release|Any CPU
		{13C7E7C3-664A-43A0-993D-E9A86E4A6786}.Release|x64.Build.0 = Release|Any CPU
		{13C7E7C3-664A-43A0-993D-E9A86E4A6786}.Release|x86.ActiveCfg = Release|Any CPU
		{13C7E7C3-664A-43A0-993D-E9A86E4A6786}.Release|x86.Build.0 = Release|Any CPU
		{F10E22BA-2C3A-42A4-9EDE-25658B347BB3}.Debug|Any CPU.ActiveCfg = Debug|Any CPU
		{F10E22BA-2C3A-42A4-9EDE-25658B347BB3}.Debug|Any CPU.Build.0 = Debug|Any CPU
		{F10E22BA-2C3A-42A4-9EDE-25658B347BB3}.Debug|x64.ActiveCfg = Debug|Any CPU
		{F10E22BA-2C3A-42A4-9EDE-25658B347BB3}.Debug|x64.Build.0 = Debug|Any CPU
		{F10E22BA-2C3A-42A4-9EDE-25658B347BB3}.Debug|x86.ActiveCfg = Debug|Any CPU
		{F10E22BA-2C3A-42A4-9EDE-25658B347BB3}.Debug|x86.Build.0 = Debug|Any CPU
		{F10E22BA-2C3A-42A4-9EDE-25658B347BB3}.Release|Any CPU.ActiveCfg = Release|Any CPU
		{F10E22BA-2C3A-42A4-9EDE-25658B347BB3}.Release|Any CPU.Build.0 = Release|Any CPU
		{F10E22BA-2C3A-42A4-9EDE-25658B347BB3}.Release|x64.ActiveCfg = Release|Any CPU
		{F10E22BA-2C3A-42A4-9EDE-25658B347BB3}.Release|x64.Build.0 = Release|Any CPU
		{F10E22BA-2C3A-42A4-9EDE-25658B347BB3}.Release|x86.ActiveCfg = Release|Any CPU
		{F10E22BA-2C3A-42A4-9EDE-25658B347BB3}.Release|x86.Build.0 = Release|Any CPU
		{7CBF1D81-C72E-4E02-B976-C5C340350D15}.Debug|Any CPU.ActiveCfg = Debug|Any CPU
		{7CBF1D81-C72E-4E02-B976-C5C340350D15}.Debug|Any CPU.Build.0 = Debug|Any CPU
		{7CBF1D81-C72E-4E02-B976-C5C340350D15}.Debug|x64.ActiveCfg = Debug|Any CPU
		{7CBF1D81-C72E-4E02-B976-C5C340350D15}.Debug|x64.Build.0 = Debug|Any CPU
		{7CBF1D81-C72E-4E02-B976-C5C340350D15}.Debug|x86.ActiveCfg = Debug|Any CPU
		{7CBF1D81-C72E-4E02-B976-C5C340350D15}.Debug|x86.Build.0 = Debug|Any CPU
		{7CBF1D81-C72E-4E02-B976-C5C340350D15}.Release|Any CPU.ActiveCfg = Release|Any CPU
		{7CBF1D81-C72E-4E02-B976-C5C340350D15}.Release|Any CPU.Build.0 = Release|Any CPU
		{7CBF1D81-C72E-4E02-B976-C5C340350D15}.Release|x64.ActiveCfg = Release|Any CPU
		{7CBF1D81-C72E-4E02-B976-C5C340350D15}.Release|x64.Build.0 = Release|Any CPU
		{7CBF1D81-C72E-4E02-B976-C5C340350D15}.Release|x86.ActiveCfg = Release|Any CPU
		{7CBF1D81-C72E-4E02-B976-C5C340350D15}.Release|x86.Build.0 = Release|Any CPU
		{8B8246CA-7527-41EC-8C6E-D27D3B8F611D}.Debug|Any CPU.ActiveCfg = Debug|Any CPU
		{8B8246CA-7527-41EC-8C6E-D27D3B8F611D}.Debug|Any CPU.Build.0 = Debug|Any CPU
		{8B8246CA-7527-41EC-8C6E-D27D3B8F611D}.Debug|x64.ActiveCfg = Debug|Any CPU
		{8B8246CA-7527-41EC-8C6E-D27D3B8F611D}.Debug|x64.Build.0 = Debug|Any CPU
		{8B8246CA-7527-41EC-8C6E-D27D3B8F611D}.Debug|x86.ActiveCfg = Debug|Any CPU
		{8B8246CA-7527-41EC-8C6E-D27D3B8F611D}.Debug|x86.Build.0 = Debug|Any CPU
		{8B8246CA-7527-41EC-8C6E-D27D3B8F611D}.Release|Any CPU.ActiveCfg = Release|Any CPU
		{8B8246CA-7527-41EC-8C6E-D27D3B8F611D}.Release|Any CPU.Build.0 = Release|Any CPU
		{8B8246CA-7527-41EC-8C6E-D27D3B8F611D}.Release|x64.ActiveCfg = Release|Any CPU
		{8B8246CA-7527-41EC-8C6E-D27D3B8F611D}.Release|x64.Build.0 = Release|Any CPU
		{8B8246CA-7527-41EC-8C6E-D27D3B8F611D}.Release|x86.ActiveCfg = Release|Any CPU
		{8B8246CA-7527-41EC-8C6E-D27D3B8F611D}.Release|x86.Build.0 = Release|Any CPU
		{9B0C1672-9129-468C-92D9-6494F40D9376}.Debug|Any CPU.ActiveCfg = Debug|Any CPU
		{9B0C1672-9129-468C-92D9-6494F40D9376}.Debug|Any CPU.Build.0 = Debug|Any CPU
		{9B0C1672-9129-468C-92D9-6494F40D9376}.Debug|x64.ActiveCfg = Debug|Any CPU
		{9B0C1672-9129-468C-92D9-6494F40D9376}.Debug|x64.Build.0 = Debug|Any CPU
		{9B0C1672-9129-468C-92D9-6494F40D9376}.Debug|x86.ActiveCfg = Debug|Any CPU
		{9B0C1672-9129-468C-92D9-6494F40D9376}.Debug|x86.Build.0 = Debug|Any CPU
		{9B0C1672-9129-468C-92D9-6494F40D9376}.Release|Any CPU.ActiveCfg = Release|Any CPU
		{9B0C1672-9129-468C-92D9-6494F40D9376}.Release|Any CPU.Build.0 = Release|Any CPU
		{9B0C1672-9129-468C-92D9-6494F40D9376}.Release|x64.ActiveCfg = Release|Any CPU
		{9B0C1672-9129-468C-92D9-6494F40D9376}.Release|x64.Build.0 = Release|Any CPU
		{9B0C1672-9129-468C-92D9-6494F40D9376}.Release|x86.ActiveCfg = Release|Any CPU
		{9B0C1672-9129-468C-92D9-6494F40D9376}.Release|x86.Build.0 = Release|Any CPU
		{78741695-01C8-4B5A-ABC4-F5EE59BDB8B0}.Debug|Any CPU.ActiveCfg = Debug|Any CPU
		{78741695-01C8-4B5A-ABC4-F5EE59BDB8B0}.Debug|Any CPU.Build.0 = Debug|Any CPU
		{78741695-01C8-4B5A-ABC4-F5EE59BDB8B0}.Debug|x64.ActiveCfg = Debug|Any CPU
		{78741695-01C8-4B5A-ABC4-F5EE59BDB8B0}.Debug|x64.Build.0 = Debug|Any CPU
		{78741695-01C8-4B5A-ABC4-F5EE59BDB8B0}.Debug|x86.ActiveCfg = Debug|Any CPU
		{78741695-01C8-4B5A-ABC4-F5EE59BDB8B0}.Debug|x86.Build.0 = Debug|Any CPU
		{78741695-01C8-4B5A-ABC4-F5EE59BDB8B0}.Release|Any CPU.ActiveCfg = Release|Any CPU
		{78741695-01C8-4B5A-ABC4-F5EE59BDB8B0}.Release|Any CPU.Build.0 = Release|Any CPU
		{78741695-01C8-4B5A-ABC4-F5EE59BDB8B0}.Release|x64.ActiveCfg = Release|Any CPU
		{78741695-01C8-4B5A-ABC4-F5EE59BDB8B0}.Release|x64.Build.0 = Release|Any CPU
		{78741695-01C8-4B5A-ABC4-F5EE59BDB8B0}.Release|x86.ActiveCfg = Release|Any CPU
		{78741695-01C8-4B5A-ABC4-F5EE59BDB8B0}.Release|x86.Build.0 = Release|Any CPU
		{4D6C9B24-3B07-4E05-8E39-A7797521258B}.Debug|Any CPU.ActiveCfg = Debug|Any CPU
		{4D6C9B24-3B07-4E05-8E39-A7797521258B}.Debug|Any CPU.Build.0 = Debug|Any CPU
		{4D6C9B24-3B07-4E05-8E39-A7797521258B}.Debug|x64.ActiveCfg = Debug|Any CPU
		{4D6C9B24-3B07-4E05-8E39-A7797521258B}.Debug|x64.Build.0 = Debug|Any CPU
		{4D6C9B24-3B07-4E05-8E39-A7797521258B}.Debug|x86.ActiveCfg = Debug|Any CPU
		{4D6C9B24-3B07-4E05-8E39-A7797521258B}.Debug|x86.Build.0 = Debug|Any CPU
		{4D6C9B24-3B07-4E05-8E39-A7797521258B}.Release|Any CPU.ActiveCfg = Release|Any CPU
		{4D6C9B24-3B07-4E05-8E39-A7797521258B}.Release|Any CPU.Build.0 = Release|Any CPU
		{4D6C9B24-3B07-4E05-8E39-A7797521258B}.Release|x64.ActiveCfg = Release|Any CPU
		{4D6C9B24-3B07-4E05-8E39-A7797521258B}.Release|x64.Build.0 = Release|Any CPU
		{4D6C9B24-3B07-4E05-8E39-A7797521258B}.Release|x86.ActiveCfg = Release|Any CPU
		{4D6C9B24-3B07-4E05-8E39-A7797521258B}.Release|x86.Build.0 = Release|Any CPU
	EndGlobalSection
	GlobalSection(SolutionProperties) = preSolution
		HideSolutionNode = FALSE
	EndGlobalSection
	GlobalSection(NestedProjects) = preSolution
		{9813183D-83FF-4427-BFC5-D294BDA99096} = {827E0CD3-B72D-47B6-A68D-7590B98EB39B}
		{13C7E7C3-664A-43A0-993D-E9A86E4A6786} = {827E0CD3-B72D-47B6-A68D-7590B98EB39B}
		{F10E22BA-2C3A-42A4-9EDE-25658B347BB3} = {827E0CD3-B72D-47B6-A68D-7590B98EB39B}
		{7CBF1D81-C72E-4E02-B976-C5C340350D15} = {827E0CD3-B72D-47B6-A68D-7590B98EB39B}
		{8B8246CA-7527-41EC-8C6E-D27D3B8F611D} = {827E0CD3-B72D-47B6-A68D-7590B98EB39B}
		{9B0C1672-9129-468C-92D9-6494F40D9376} = {827E0CD3-B72D-47B6-A68D-7590B98EB39B}
		{78741695-01C8-4B5A-ABC4-F5EE59BDB8B0} = {827E0CD3-B72D-47B6-A68D-7590B98EB39B}
		{4D6C9B24-3B07-4E05-8E39-A7797521258B} = {0AB3BF05-4346-4AA6-1389-037BE0695223}
	EndGlobalSection
EndGlobal
